// !$*UTF8*$!
{
	archiveVersion = 1;
	classes = {
	};
	objectVersion = 56;
	objects = {

/* Begin PBXBuildFile section */
		5F1313482C2BFC1C00077D36 /* AppDelegate.swift in Sources */ = {isa = PBXBuildFile; fileRef = 5F1313472C2BFC1C00077D36 /* AppDelegate.swift */; };
		5F13134A2C2BFC1C00077D36 /* SceneDelegate.swift in Sources */ = {isa = PBXBuildFile; fileRef = 5F1313492C2BFC1C00077D36 /* SceneDelegate.swift */; };
		5F13134C2C2BFC1C00077D36 /* ViewController.swift in Sources */ = {isa = PBXBuildFile; fileRef = 5F13134B2C2BFC1C00077D36 /* ViewController.swift */; };
		5F13134F2C2BFC1C00077D36 /* Base in Resources */ = {isa = PBXBuildFile; fileRef = 5F13134E2C2BFC1C00077D36 /* Base */; };
		5F1313512C2BFC1E00077D36 /* Assets.xcassets in Resources */ = {isa = PBXBuildFile; fileRef = 5F1313502C2BFC1E00077D36 /* Assets.xcassets */; };
		5F1313542C2BFC1E00077D36 /* Base in Resources */ = {isa = PBXBuildFile; fileRef = 5F1313532C2BFC1E00077D36 /* Base */; };
		5F13135F2C2BFC1E00077D36 /* calculatorAppTests.swift in Sources */ = {isa = PBXBuildFile; fileRef = 5F13135E2C2BFC1E00077D36 /* calculatorAppTests.swift */; };
		5F1313692C2BFC1E00077D36 /* calculatorAppUITests.swift in Sources */ = {isa = PBXBuildFile; fileRef = 5F1313682C2BFC1E00077D36 /* calculatorAppUITests.swift */; };
		5F13136B2C2BFC1E00077D36 /* calculatorAppUITestsLaunchTests.swift in Sources */ = {isa = PBXBuildFile; fileRef = 5F13136A2C2BFC1E00077D36 /* calculatorAppUITestsLaunchTests.swift */; };
		5F1313792C2BFE1000077D36 /* SnapKit in Frameworks */ = {isa = PBXBuildFile; productRef = 5F1313782C2BFE1000077D36 /* SnapKit */; };
/* End PBXBuildFile section */

/* Begin PBXContainerItemProxy section */
		5F13135B2C2BFC1E00077D36 /* PBXContainerItemProxy */ = {
			isa = PBXContainerItemProxy;
			containerPortal = 5F13133C2C2BFC1C00077D36 /* Project object */;
			proxyType = 1;
			remoteGlobalIDString = 5F1313432C2BFC1C00077D36;
			remoteInfo = calculatorApp;
		};
		5F1313652C2BFC1E00077D36 /* PBXContainerItemProxy */ = {
			isa = PBXContainerItemProxy;
			containerPortal = 5F13133C2C2BFC1C00077D36 /* Project object */;
			proxyType = 1;
			remoteGlobalIDString = 5F1313432C2BFC1C00077D36;
			remoteInfo = calculatorApp;
		};
/* End PBXContainerItemProxy section */

/* Begin PBXFileReference section */
		5F1313442C2BFC1C00077D36 /* calculatorApp.app */ = {isa = PBXFileReference; explicitFileType = wrapper.application; includeInIndex = 0; path = calculatorApp.app; sourceTree = BUILT_PRODUCTS_DIR; };
		5F1313472C2BFC1C00077D36 /* AppDelegate.swift */ = {isa = PBXFileReference; lastKnownFileType = sourcecode.swift; path = AppDelegate.swift; sourceTree = "<group>"; };
		5F1313492C2BFC1C00077D36 /* SceneDelegate.swift */ = {isa = PBXFileReference; lastKnownFileType = sourcecode.swift; path = SceneDelegate.swift; sourceTree = "<group>"; };
		5F13134B2C2BFC1C00077D36 /* ViewController.swift */ = {isa = PBXFileReference; lastKnownFileType = sourcecode.swift; path = ViewController.swift; sourceTree = "<group>"; };
		5F13134E2C2BFC1C00077D36 /* Base */ = {isa = PBXFileReference; lastKnownFileType = file.storyboard; name = Base; path = Base.lproj/Main.storyboard; sourceTree = "<group>"; };
		5F1313502C2BFC1E00077D36 /* Assets.xcassets */ = {isa = PBXFileReference; lastKnownFileType = folder.assetcatalog; path = Assets.xcassets; sourceTree = "<group>"; };
		5F1313532C2BFC1E00077D36 /* Base */ = {isa = PBXFileReference; lastKnownFileType = file.storyboard; name = Base; path = Base.lproj/LaunchScreen.storyboard; sourceTree = "<group>"; };
		5F1313552C2BFC1E00077D36 /* Info.plist */ = {isa = PBXFileReference; lastKnownFileType = text.plist.xml; path = Info.plist; sourceTree = "<group>"; };
		5F13135A2C2BFC1E00077D36 /* calculatorAppTests.xctest */ = {isa = PBXFileReference; explicitFileType = wrapper.cfbundle; includeInIndex = 0; path = calculatorAppTests.xctest; sourceTree = BUILT_PRODUCTS_DIR; };
		5F13135E2C2BFC1E00077D36 /* calculatorAppTests.swift */ = {isa = PBXFileReference; lastKnownFileType = sourcecode.swift; path = calculatorAppTests.swift; sourceTree = "<group>"; };
		5F1313642C2BFC1E00077D36 /* calculatorAppUITests.xctest */ = {isa = PBXFileReference; explicitFileType = wrapper.cfbundle; includeInIndex = 0; path = calculatorAppUITests.xctest; sourceTree = BUILT_PRODUCTS_DIR; };
		5F1313682C2BFC1E00077D36 /* calculatorAppUITests.swift */ = {isa = PBXFileReference; lastKnownFileType = sourcecode.swift; path = calculatorAppUITests.swift; sourceTree = "<group>"; };
		5F13136A2C2BFC1E00077D36 /* calculatorAppUITestsLaunchTests.swift */ = {isa = PBXFileReference; lastKnownFileType = sourcecode.swift; path = calculatorAppUITestsLaunchTests.swift; sourceTree = "<group>"; };
/* End PBXFileReference section */

/* Begin PBXFrameworksBuildPhase section */
		5F1313412C2BFC1C00077D36 /* Frameworks */ = {
			isa = PBXFrameworksBuildPhase;
			buildActionMask = 2147483647;
			files = (
				5F1313792C2BFE1000077D36 /* SnapKit in Frameworks */,
			);
			runOnlyForDeploymentPostprocessing = 0;
		};
		5F1313572C2BFC1E00077D36 /* Frameworks */ = {
			isa = PBXFrameworksBuildPhase;
			buildActionMask = 2147483647;
			files = (
			);
			runOnlyForDeploymentPostprocessing = 0;
		};
		5F1313612C2BFC1E00077D36 /* Frameworks */ = {
			isa = PBXFrameworksBuildPhase;
			buildActionMask = 2147483647;
			files = (
			);
			runOnlyForDeploymentPostprocessing = 0;
		};
/* End PBXFrameworksBuildPhase section */

/* Begin PBXGroup section */
		5F13133B2C2BFC1C00077D36 = {
			isa = PBXGroup;
			children = (
				5F1313462C2BFC1C00077D36 /* calculatorApp */,
				5F13135D2C2BFC1E00077D36 /* calculatorAppTests */,
				5F1313672C2BFC1E00077D36 /* calculatorAppUITests */,
				5F1313452C2BFC1C00077D36 /* Products */,
			);
			sourceTree = "<group>";
		};
		5F1313452C2BFC1C00077D36 /* Products */ = {
			isa = PBXGroup;
			children = (
				5F1313442C2BFC1C00077D36 /* calculatorApp.app */,
				5F13135A2C2BFC1E00077D36 /* calculatorAppTests.xctest */,
				5F1313642C2BFC1E00077D36 /* calculatorAppUITests.xctest */,
			);
			name = Products;
			sourceTree = "<group>";
		};
		5F1313462C2BFC1C00077D36 /* calculatorApp */ = {
			isa = PBXGroup;
			children = (
				5F1313472C2BFC1C00077D36 /* AppDelegate.swift */,
				5F1313492C2BFC1C00077D36 /* SceneDelegate.swift */,
				5F13134B2C2BFC1C00077D36 /* ViewController.swift */,
				5F13134D2C2BFC1C00077D36 /* Main.storyboard */,
				5F1313502C2BFC1E00077D36 /* Assets.xcassets */,
				5F1313522C2BFC1E00077D36 /* LaunchScreen.storyboard */,
				5F1313552C2BFC1E00077D36 /* Info.plist */,
			);
			path = calculatorApp;
			sourceTree = "<group>";
		};
		5F13135D2C2BFC1E00077D36 /* calculatorAppTests */ = {
			isa = PBXGroup;
			children = (
				5F13135E2C2BFC1E00077D36 /* calculatorAppTests.swift */,
			);
			path = calculatorAppTests;
			sourceTree = "<group>";
		};
		5F1313672C2BFC1E00077D36 /* calculatorAppUITests */ = {
			isa = PBXGroup;
			children = (
				5F1313682C2BFC1E00077D36 /* calculatorAppUITests.swift */,
				5F13136A2C2BFC1E00077D36 /* calculatorAppUITestsLaunchTests.swift */,
			);
			path = calculatorAppUITests;
			sourceTree = "<group>";
		};
/* End PBXGroup section */

/* Begin PBXNativeTarget section */
		5F1313432C2BFC1C00077D36 /* calculatorApp */ = {
			isa = PBXNativeTarget;
			buildConfigurationList = 5F13136E2C2BFC1E00077D36 /* Build configuration list for PBXNativeTarget "calculatorApp" */;
			buildPhases = (
				5F1313402C2BFC1C00077D36 /* Sources */,
				5F1313412C2BFC1C00077D36 /* Frameworks */,
				5F1313422C2BFC1C00077D36 /* Resources */,
			);
			buildRules = (
			);
			dependencies = (
			);
			name = calculatorApp;
			packageProductDependencies = (
				5F1313782C2BFE1000077D36 /* SnapKit */,
			);
			productName = calculatorApp;
			productReference = 5F1313442C2BFC1C00077D36 /* calculatorApp.app */;
			productType = "com.apple.product-type.application";
		};
		5F1313592C2BFC1E00077D36 /* calculatorAppTests */ = {
			isa = PBXNativeTarget;
			buildConfigurationList = 5F1313712C2BFC1E00077D36 /* Build configuration list for PBXNativeTarget "calculatorAppTests" */;
			buildPhases = (
				5F1313562C2BFC1E00077D36 /* Sources */,
				5F1313572C2BFC1E00077D36 /* Frameworks */,
				5F1313582C2BFC1E00077D36 /* Resources */,
			);
			buildRules = (
			);
			dependencies = (
				5F13135C2C2BFC1E00077D36 /* PBXTargetDependency */,
			);
			name = calculatorAppTests;
			productName = calculatorAppTests;
			productReference = 5F13135A2C2BFC1E00077D36 /* calculatorAppTests.xctest */;
			productType = "com.apple.product-type.bundle.unit-test";
		};
		5F1313632C2BFC1E00077D36 /* calculatorAppUITests */ = {
			isa = PBXNativeTarget;
			buildConfigurationList = 5F1313742C2BFC1E00077D36 /* Build configuration list for PBXNativeTarget "calculatorAppUITests" */;
			buildPhases = (
				5F1313602C2BFC1E00077D36 /* Sources */,
				5F1313612C2BFC1E00077D36 /* Frameworks */,
				5F1313622C2BFC1E00077D36 /* Resources */,
			);
			buildRules = (
			);
			dependencies = (
				5F1313662C2BFC1E00077D36 /* PBXTargetDependency */,
			);
			name = calculatorAppUITests;
			productName = calculatorAppUITests;
			productReference = 5F1313642C2BFC1E00077D36 /* calculatorAppUITests.xctest */;
			productType = "com.apple.product-type.bundle.ui-testing";
		};
/* End PBXNativeTarget section */

/* Begin PBXProject section */
		5F13133C2C2BFC1C00077D36 /* Project object */ = {
			isa = PBXProject;
			attributes = {
				BuildIndependentTargetsInParallel = 1;
				LastSwiftUpdateCheck = 1540;
				LastUpgradeCheck = 1540;
				TargetAttributes = {
					5F1313432C2BFC1C00077D36 = {
						CreatedOnToolsVersion = 15.4;
					};
					5F1313592C2BFC1E00077D36 = {
						CreatedOnToolsVersion = 15.4;
						TestTargetID = 5F1313432C2BFC1C00077D36;
					};
					5F1313632C2BFC1E00077D36 = {
						CreatedOnToolsVersion = 15.4;
						TestTargetID = 5F1313432C2BFC1C00077D36;
					};
				};
			};
			buildConfigurationList = 5F13133F2C2BFC1C00077D36 /* Build configuration list for PBXProject "calculatorApp" */;
			compatibilityVersion = "Xcode 14.0";
			developmentRegion = en;
			hasScannedForEncodings = 0;
			knownRegions = (
				en,
				Base,
			);
			mainGroup = 5F13133B2C2BFC1C00077D36;
			packageReferences = (
				5F1313772C2BFE1000077D36 /* XCRemoteSwiftPackageReference "SnapKit" */,
			);
			productRefGroup = 5F1313452C2BFC1C00077D36 /* Products */;
			projectDirPath = "";
			projectRoot = "";
			targets = (
				5F1313432C2BFC1C00077D36 /* calculatorApp */,
				5F1313592C2BFC1E00077D36 /* calculatorAppTests */,
				5F1313632C2BFC1E00077D36 /* calculatorAppUITests */,
			);
		};
/* End PBXProject section */

/* Begin PBXResourcesBuildPhase section */
		5F1313422C2BFC1C00077D36 /* Resources */ = {
			isa = PBXResourcesBuildPhase;
			buildActionMask = 2147483647;
			files = (
				5F1313512C2BFC1E00077D36 /* Assets.xcassets in Resources */,
				5F1313542C2BFC1E00077D36 /* Base in Resources */,
				5F13134F2C2BFC1C00077D36 /* Base in Resources */,
			);
			runOnlyForDeploymentPostprocessing = 0;
		};
		5F1313582C2BFC1E00077D36 /* Resources */ = {
			isa = PBXResourcesBuildPhase;
			buildActionMask = 2147483647;
			files = (
			);
			runOnlyForDeploymentPostprocessing = 0;
		};
		5F1313622C2BFC1E00077D36 /* Resources */ = {
			isa = PBXResourcesBuildPhase;
			buildActionMask = 2147483647;
			files = (
			);
			runOnlyForDeploymentPostprocessing = 0;
		};
/* End PBXResourcesBuildPhase section */

/* Begin PBXSourcesBuildPhase section */
		5F1313402C2BFC1C00077D36 /* Sources */ = {
			isa = PBXSourcesBuildPhase;
			buildActionMask = 2147483647;
			files = (
				5F13134C2C2BFC1C00077D36 /* ViewController.swift in Sources */,
				5F1313482C2BFC1C00077D36 /* AppDelegate.swift in Sources */,
				5F13134A2C2BFC1C00077D36 /* SceneDelegate.swift in Sources */,
			);
			runOnlyForDeploymentPostprocessing = 0;
		};
		5F1313562C2BFC1E00077D36 /* Sources */ = {
			isa = PBXSourcesBuildPhase;
			buildActionMask = 2147483647;
			files = (
				5F13135F2C2BFC1E00077D36 /* calculatorAppTests.swift in Sources */,
			);
			runOnlyForDeploymentPostprocessing = 0;
		};
		5F1313602C2BFC1E00077D36 /* Sources */ = {
			isa = PBXSourcesBuildPhase;
			buildActionMask = 2147483647;
			files = (
				5F13136B2C2BFC1E00077D36 /* calculatorAppUITestsLaunchTests.swift in Sources */,
				5F1313692C2BFC1E00077D36 /* calculatorAppUITests.swift in Sources */,
			);
			runOnlyForDeploymentPostprocessing = 0;
		};
/* End PBXSourcesBuildPhase section */

/* Begin PBXTargetDependency section */
		5F13135C2C2BFC1E00077D36 /* PBXTargetDependency */ = {
			isa = PBXTargetDependency;
			target = 5F1313432C2BFC1C00077D36 /* calculatorApp */;
			targetProxy = 5F13135B2C2BFC1E00077D36 /* PBXContainerItemProxy */;
		};
		5F1313662C2BFC1E00077D36 /* PBXTargetDependency */ = {
			isa = PBXTargetDependency;
			target = 5F1313432C2BFC1C00077D36 /* calculatorApp */;
			targetProxy = 5F1313652C2BFC1E00077D36 /* PBXContainerItemProxy */;
		};
/* End PBXTargetDependency section */

/* Begin PBXVariantGroup section */
		5F13134D2C2BFC1C00077D36 /* Main.storyboard */ = {
			isa = PBXVariantGroup;
			children = (
				5F13134E2C2BFC1C00077D36 /* Base */,
			);
			name = Main.storyboard;
			sourceTree = "<group>";
		};
		5F1313522C2BFC1E00077D36 /* LaunchScreen.storyboard */ = {
			isa = PBXVariantGroup;
			children = (
				5F1313532C2BFC1E00077D36 /* Base */,
			);
			name = LaunchScreen.storyboard;
			sourceTree = "<group>";
		};
/* End PBXVariantGroup section */

/* Begin XCBuildConfiguration section */
		5F13136C2C2BFC1E00077D36 /* Debug */ = {
			isa = XCBuildConfiguration;
			buildSettings = {
				ALWAYS_SEARCH_USER_PATHS = NO;
				ASSETCATALOG_COMPILER_GENERATE_SWIFT_ASSET_SYMBOL_EXTENSIONS = YES;
				CLANG_ANALYZER_NONNULL = YES;
				CLANG_ANALYZER_NUMBER_OBJECT_CONVERSION = YES_AGGRESSIVE;
				CLANG_CXX_LANGUAGE_STANDARD = "gnu++20";
				CLANG_ENABLE_MODULES = YES;
				CLANG_ENABLE_OBJC_ARC = YES;
				CLANG_ENABLE_OBJC_WEAK = YES;
				CLANG_WARN_BLOCK_CAPTURE_AUTORELEASING = YES;
				CLANG_WARN_BOOL_CONVERSION = YES;
				CLANG_WARN_COMMA = YES;
				CLANG_WARN_CONSTANT_CONVERSION = YES;
				CLANG_WARN_DEPRECATED_OBJC_IMPLEMENTATIONS = YES;
				CLANG_WARN_DIRECT_OBJC_ISA_USAGE = YES_ERROR;
				CLANG_WARN_DOCUMENTATION_COMMENTS = YES;
				CLANG_WARN_EMPTY_BODY = YES;
				CLANG_WARN_ENUM_CONVERSION = YES;
				CLANG_WARN_INFINITE_RECURSION = YES;
				CLANG_WARN_INT_CONVERSION = YES;
				CLANG_WARN_NON_LITERAL_NULL_CONVERSION = YES;
				CLANG_WARN_OBJC_IMPLICIT_RETAIN_SELF = YES;
				CLANG_WARN_OBJC_LITERAL_CONVERSION = YES;
				CLANG_WARN_OBJC_ROOT_CLASS = YES_ERROR;
				CLANG_WARN_QUOTED_INCLUDE_IN_FRAMEWORK_HEADER = YES;
				CLANG_WARN_RANGE_LOOP_ANALYSIS = YES;
				CLANG_WARN_STRICT_PROTOTYPES = YES;
				CLANG_WARN_SUSPICIOUS_MOVE = YES;
				CLANG_WARN_UNGUARDED_AVAILABILITY = YES_AGGRESSIVE;
				CLANG_WARN_UNREACHABLE_CODE = YES;
				CLANG_WARN__DUPLICATE_METHOD_MATCH = YES;
				COPY_PHASE_STRIP = NO;
				DEBUG_INFORMATION_FORMAT = dwarf;
				ENABLE_STRICT_OBJC_MSGSEND = YES;
				ENABLE_TESTABILITY = YES;
				ENABLE_USER_SCRIPT_SANDBOXING = YES;
				GCC_C_LANGUAGE_STANDARD = gnu17;
				GCC_DYNAMIC_NO_PIC = NO;
				GCC_NO_COMMON_BLOCKS = YES;
				GCC_OPTIMIZATION_LEVEL = 0;
				GCC_PREPROCESSOR_DEFINITIONS = (
					"DEBUG=1",
					"$(inherited)",
				);
				GCC_WARN_64_TO_32_BIT_CONVERSION = YES;
				GCC_WARN_ABOUT_RETURN_TYPE = YES_ERROR;
				GCC_WARN_UNDECLARED_SELECTOR = YES;
				GCC_WARN_UNINITIALIZED_AUTOS = YES_AGGRESSIVE;
				GCC_WARN_UNUSED_FUNCTION = YES;
				GCC_WARN_UNUSED_VARIABLE = YES;
				IPHONEOS_DEPLOYMENT_TARGET = 17.5;
				LOCALIZATION_PREFERS_STRING_CATALOGS = YES;
				MTL_ENABLE_DEBUG_INFO = INCLUDE_SOURCE;
				MTL_FAST_MATH = YES;
				ONLY_ACTIVE_ARCH = YES;
				SDKROOT = iphoneos;
				SWIFT_ACTIVE_COMPILATION_CONDITIONS = "DEBUG $(inherited)";
				SWIFT_OPTIMIZATION_LEVEL = "-Onone";
			};
			name = Debug;
		};
		5F13136D2C2BFC1E00077D36 /* Release */ = {
			isa = XCBuildConfiguration;
			buildSettings = {
				ALWAYS_SEARCH_USER_PATHS = NO;
				ASSETCATALOG_COMPILER_GENERATE_SWIFT_ASSET_SYMBOL_EXTENSIONS = YES;
				CLANG_ANALYZER_NONNULL = YES;
				CLANG_ANALYZER_NUMBER_OBJECT_CONVERSION = YES_AGGRESSIVE;
				CLANG_CXX_LANGUAGE_STANDARD = "gnu++20";
				CLANG_ENABLE_MODULES = YES;
				CLANG_ENABLE_OBJC_ARC = YES;
				CLANG_ENABLE_OBJC_WEAK = YES;
				CLANG_WARN_BLOCK_CAPTURE_AUTORELEASING = YES;
				CLANG_WARN_BOOL_CONVERSION = YES;
				CLANG_WARN_COMMA = YES;
				CLANG_WARN_CONSTANT_CONVERSION = YES;
				CLANG_WARN_DEPRECATED_OBJC_IMPLEMENTATIONS = YES;
				CLANG_WARN_DIRECT_OBJC_ISA_USAGE = YES_ERROR;
				CLANG_WARN_DOCUMENTATION_COMMENTS = YES;
				CLANG_WARN_EMPTY_BODY = YES;
				CLANG_WARN_ENUM_CONVERSION = YES;
				CLANG_WARN_INFINITE_RECURSION = YES;
				CLANG_WARN_INT_CONVERSION = YES;
				CLANG_WARN_NON_LITERAL_NULL_CONVERSION = YES;
				CLANG_WARN_OBJC_IMPLICIT_RETAIN_SELF = YES;
				CLANG_WARN_OBJC_LITERAL_CONVERSION = YES;
				CLANG_WARN_OBJC_ROOT_CLASS = YES_ERROR;
				CLANG_WARN_QUOTED_INCLUDE_IN_FRAMEWORK_HEADER = YES;
				CLANG_WARN_RANGE_LOOP_ANALYSIS = YES;
				CLANG_WARN_STRICT_PROTOTYPES = YES;
				CLANG_WARN_SUSPICIOUS_MOVE = YES;
				CLANG_WARN_UNGUARDED_AVAILABILITY = YES_AGGRESSIVE;
				CLANG_WARN_UNREACHABLE_CODE = YES;
				CLANG_WARN__DUPLICATE_METHOD_MATCH = YES;
				COPY_PHASE_STRIP = NO;
				DEBUG_INFORMATION_FORMAT = "dwarf-with-dsym";
				ENABLE_NS_ASSERTIONS = NO;
				ENABLE_STRICT_OBJC_MSGSEND = YES;
				ENABLE_USER_SCRIPT_SANDBOXING = YES;
				GCC_C_LANGUAGE_STANDARD = gnu17;
				GCC_NO_COMMON_BLOCKS = YES;
				GCC_WARN_64_TO_32_BIT_CONVERSION = YES;
				GCC_WARN_ABOUT_RETURN_TYPE = YES_ERROR;
				GCC_WARN_UNDECLARED_SELECTOR = YES;
				GCC_WARN_UNINITIALIZED_AUTOS = YES_AGGRESSIVE;
				GCC_WARN_UNUSED_FUNCTION = YES;
				GCC_WARN_UNUSED_VARIABLE = YES;
				IPHONEOS_DEPLOYMENT_TARGET = 17.5;
				LOCALIZATION_PREFERS_STRING_CATALOGS = YES;
				MTL_ENABLE_DEBUG_INFO = NO;
				MTL_FAST_MATH = YES;
				SDKROOT = iphoneos;
				SWIFT_COMPILATION_MODE = wholemodule;
				VALIDATE_PRODUCT = YES;
			};
			name = Release;
		};
		5F13136F2C2BFC1E00077D36 /* Debug */ = {
			isa = XCBuildConfiguration;
			buildSettings = {
				ASSETCATALOG_COMPILER_APPICON_NAME = AppIcon;
				ASSETCATALOG_COMPILER_GLOBAL_ACCENT_COLOR_NAME = AccentColor;
				CODE_SIGN_STYLE = Automatic;
				CURRENT_PROJECT_VERSION = 1;
				GENERATE_INFOPLIST_FILE = YES;
				INFOPLIST_FILE = calculatorApp/Info.plist;
				INFOPLIST_KEY_UIApplicationSupportsIndirectInputEvents = YES;
				INFOPLIST_KEY_UILaunchStoryboardName = LaunchScreen;
				INFOPLIST_KEY_UIMainStoryboardFile = Main;
				INFOPLIST_KEY_UISupportedInterfaceOrientations_iPad = "UIInterfaceOrientationPortrait UIInterfaceOrientationPortraitUpsideDown UIInterfaceOrientationLandscapeLeft UIInterfaceOrientationLandscapeRight";
				INFOPLIST_KEY_UISupportedInterfaceOrientations_iPhone = "UIInterfaceOrientationPortrait UIInterfaceOrientationLandscapeLeft UIInterfaceOrientationLandscapeRight";
				IPHONEOS_DEPLOYMENT_TARGET = 15.4;
				LD_RUNPATH_SEARCH_PATHS = (
					"$(inherited)",
					"@executable_path/Frameworks",
				);
				MARKETING_VERSION = 1.0;
				PRODUCT_BUNDLE_IDENTIFIER = com.jihyeon.calculatorApp;
				PRODUCT_NAME = "$(TARGET_NAME)";
				SWIFT_EMIT_LOC_STRINGS = YES;
				SWIFT_VERSION = 5.0;
				TARGETED_DEVICE_FAMILY = "1,2";
			};
			name = Debug;
		};
		5F1313702C2BFC1E00077D36 /* Release */ = {
			isa = XCBuildConfiguration;
			buildSettings = {
				ASSETCATALOG_COMPILER_APPICON_NAME = AppIcon;
				ASSETCATALOG_COMPILER_GLOBAL_ACCENT_COLOR_NAME = AccentColor;
				CODE_SIGN_STYLE = Automatic;
				CURRENT_PROJECT_VERSION = 1;
				GENERATE_INFOPLIST_FILE = YES;
				INFOPLIST_FILE = calculatorApp/Info.plist;
				INFOPLIST_KEY_UIApplicationSupportsIndirectInputEvents = YES;
				INFOPLIST_KEY_UILaunchStoryboardName = LaunchScreen;
				INFOPLIST_KEY_UIMainStoryboardFile = Main;
				INFOPLIST_KEY_UISupportedInterfaceOrientations_iPad = "UIInterfaceOrientationPortrait UIInterfaceOrientationPortraitUpsideDown UIInterfaceOrientationLandscapeLeft UIInterfaceOrientationLandscapeRight";
				INFOPLIST_KEY_UISupportedInterfaceOrientations_iPhone = "UIInterfaceOrientationPortrait UIInterfaceOrientationLandscapeLeft UIInterfaceOrientationLandscapeRight";
				IPHONEOS_DEPLOYMENT_TARGET = 15.4;
				LD_RUNPATH_SEARCH_PATHS = (
					"$(inherited)",
					"@executable_path/Frameworks",
				);
				MARKETING_VERSION = 1.0;
				PRODUCT_BUNDLE_IDENTIFIER = com.jihyeon.calculatorApp;
				PRODUCT_NAME = "$(TARGET_NAME)";
				SWIFT_EMIT_LOC_STRINGS = YES;
				SWIFT_VERSION = 5.0;
				TARGETED_DEVICE_FAMILY = "1,2";
			};
			name = Release;
		};
		5F1313722C2BFC1E00077D36 /* Debug */ = {
			isa = XCBuildConfiguration;
			buildSettings = {
				ALWAYS_EMBED_SWIFT_STANDARD_LIBRARIES = YES;
				BUNDLE_LOADER = "$(TEST_HOST)";
				CODE_SIGN_STYLE = Automatic;
				CURRENT_PROJECT_VERSION = 1;
				GENERATE_INFOPLIST_FILE = YES;
				IPHONEOS_DEPLOYMENT_TARGET = 17.5;
				MARKETING_VERSION = 1.0;
				PRODUCT_BUNDLE_IDENTIFIER = com.jihyeon.calculatorAppTests;
				PRODUCT_NAME = "$(TARGET_NAME)";
				SWIFT_EMIT_LOC_STRINGS = NO;
				SWIFT_VERSION = 5.0;
				TARGETED_DEVICE_FAMILY = "1,2";
				TEST_HOST = "$(BUILT_PRODUCTS_DIR)/calculatorApp.app/$(BUNDLE_EXECUTABLE_FOLDER_PATH)/calculatorApp";
			};
			name = Debug;
		};
		5F1313732C2BFC1E00077D36 /* Release */ = {
			isa = XCBuildConfiguration;
			buildSettings = {
				ALWAYS_EMBED_SWIFT_STANDARD_LIBRARIES = YES;
				BUNDLE_LOADER = "$(TEST_HOST)";
				CODE_SIGN_STYLE = Automatic;
				CURRENT_PROJECT_VERSION = 1;
				GENERATE_INFOPLIST_FILE = YES;
				IPHONEOS_DEPLOYMENT_TARGET = 17.5;
				MARKETING_VERSION = 1.0;
				PRODUCT_BUNDLE_IDENTIFIER = com.jihyeon.calculatorAppTests;
				PRODUCT_NAME = "$(TARGET_NAME)";
				SWIFT_EMIT_LOC_STRINGS = NO;
				SWIFT_VERSION = 5.0;
				TARGETED_DEVICE_FAMILY = "1,2";
				TEST_HOST = "$(BUILT_PRODUCTS_DIR)/calculatorApp.app/$(BUNDLE_EXECUTABLE_FOLDER_PATH)/calculatorApp";
			};
			name = Release;
		};
		5F1313752C2BFC1E00077D36 /* Debug */ = {
			isa = XCBuildConfiguration;
			buildSettings = {
				ALWAYS_EMBED_SWIFT_STANDARD_LIBRARIES = YES;
				CODE_SIGN_STYLE = Automatic;
				CURRENT_PROJECT_VERSION = 1;
				GENERATE_INFOPLIST_FILE = YES;
				MARKETING_VERSION = 1.0;
				PRODUCT_BUNDLE_IDENTIFIER = com.jihyeon.calculatorAppUITests;
				PRODUCT_NAME = "$(TARGET_NAME)";
				SWIFT_EMIT_LOC_STRINGS = NO;
				SWIFT_VERSION = 5.0;
				TARGETED_DEVICE_FAMILY = "1,2";
				TEST_TARGET_NAME = calculatorApp;
			};
			name = Debug;
		};
		5F1313762C2BFC1E00077D36 /* Release */ = {
			isa = XCBuildConfiguration;
			buildSettings = {
				ALWAYS_EMBED_SWIFT_STANDARD_LIBRARIES = YES;
				CODE_SIGN_STYLE = Automatic;
				CURRENT_PROJECT_VERSION = 1;
				GENERATE_INFOPLIST_FILE = YES;
				MARKETING_VERSION = 1.0;
				PRODUCT_BUNDLE_IDENTIFIER = com.jihyeon.calculatorAppUITests;
				PRODUCT_NAME = "$(TARGET_NAME)";
				SWIFT_EMIT_LOC_STRINGS = NO;
				SWIFT_VERSION = 5.0;
				TARGETED_DEVICE_FAMILY = "1,2";
				TEST_TARGET_NAME = calculatorApp;
			};
			name = Release;
		};
/* End XCBuildConfiguration section */

/* Begin XCConfigurationList section */
		5F13133F2C2BFC1C00077D36 /* Build configuration list for PBXProject "calculatorApp" */ = {
			isa = XCConfigurationList;
			buildConfigurations = (
				5F13136C2C2BFC1E00077D36 /* Debug */,
				5F13136D2C2BFC1E00077D36 /* Release */,
			);
			defaultConfigurationIsVisible = 0;
			defaultConfigurationName = Release;
		};
		5F13136E2C2BFC1E00077D36 /* Build configuration list for PBXNativeTarget "calculatorApp" */ = {
			isa = XCConfigurationList;
			buildConfigurations = (
				5F13136F2C2BFC1E00077D36 /* Debug */,
				5F1313702C2BFC1E00077D36 /* Release */,
			);
			defaultConfigurationIsVisible = 0;
			defaultConfigurationName = Release;
		};
		5F1313712C2BFC1E00077D36 /* Build configuration list for PBXNativeTarget "calculatorAppTests" */ = {
			isa = XCConfigurationList;
			buildConfigurations = (
				5F1313722C2BFC1E00077D36 /* Debug */,
				5F1313732C2BFC1E00077D36 /* Release */,
			);
			defaultConfigurationIsVisible = 0;
			defaultConfigurationName = Release;
		};
		5F1313742C2BFC1E00077D36 /* Build configuration list for PBXNativeTarget "calculatorAppUITests" */ = {
			isa = XCConfigurationList;
			buildConfigurations = (
				5F1313752C2BFC1E00077D36 /* Debug */,
				5F1313762C2BFC1E00077D36 /* Release */,
			);
			defaultConfigurationIsVisible = 0;
			defaultConfigurationName = Release;
		};
/* End XCConfigurationList section */

/* Begin XCRemoteSwiftPackageReference section */
		5F1313772C2BFE1000077D36 /* XCRemoteSwiftPackageReference "SnapKit" */ = {
			isa = XCRemoteSwiftPackageReference;
			repositoryURL = "https://github.com/SnapKit/SnapKit.git";
			requirement = {
				kind = upToNextMajorVersion;
				minimumVersion = 5.7.1;
			};
		};
/* End XCRemoteSwiftPackageReference section */

/* Begin XCSwiftPackageProductDependency section */
		5F1313782C2BFE1000077D36 /* SnapKit */ = {
			isa = XCSwiftPackageProductDependency;
			package = 5F1313772C2BFE1000077D36 /* XCRemoteSwiftPackageReference "SnapKit" */;
			productName = SnapKit;
		};
/* End XCSwiftPackageProductDependency section */
	};
	rootObject = 5F13133C2C2BFC1C00077D36 /* Project object */;
}
